
Microsoft Visual Studio Solution File, Format Version 12.00
# Visual Studio Version 17
VisualStudioVersion = 17.8.34330.188
MinimumVisualStudioVersion = 10.0.40219.1
Project("{FAE04EC0-301F-11D3-BF4B-00C04F79EFBC}") = "DevamsizlikTakip_SinanElmas", "DevamsizlikTakip_SinanElmas\DevamsizlikTakip_SinanElmas.csproj", "{D9320BB5-1EC5-4D03-B7F5-F90E45D05E78}"
EndProject
Global
	GlobalSection(SolutionConfigurationPlatforms) = preSolution
		Debug|Any CPU = Debug|Any CPU
		Release|Any CPU = Release|Any CPU
	EndGlobalSection
	GlobalSection(ProjectConfigurationPlatforms) = postSolution
		{D9320BB5-1EC5-4D03-B7F5-F90E45D05E78}.Debug|Any CPU.ActiveCfg = Debug|Any CPU
		{D9320BB5-1EC5-4D03-B7F5-F90E45D05E78}.Debug|Any CPU.Build.0 = Debug|Any CPU
		{D9320BB5-1EC5-4D03-B7F5-F90E45D05E78}.Release|Any CPU.ActiveCfg = Release|Any CPU
		{D9320BB5-1EC5-4D03-B7F5-F90E45D05E78}.Release|Any CPU.Build.0 = Release|Any CPU
	EndGlobalSection
	GlobalSection(SolutionProperties) = preSolution
		HideSolutionNode = FALSE
	EndGlobalSection
	GlobalSection(ExtensibilityGlobals) = postSolution
		SolutionGuid = {972E672C-DF9B-45AB-8694-2DEC08D446C8}
	EndGlobalSection
EndGlobal
